
Microsoft Visual Studio Solution File, Format Version 12.00
Project("{FAE04EC0-301F-11D3-BF4B-00C04F79EFBC}") = "SimpleRestFrameworkTest", "SimpleRestFrameworkTest\SimpleRestFrameworkTest.csproj", "{888DB845-1C9A-499A-A47B-06267F863D43}"
EndProject
Global
	GlobalSection(SolutionConfigurationPlatforms) = preSolution
		Debug|Any CPU = Debug|Any CPU
		Release|Any CPU = Release|Any CPU
	EndGlobalSection
	GlobalSection(ProjectConfigurationPlatforms) = postSolution
		{888DB845-1C9A-499A-A47B-06267F863D43}.Debug|Any CPU.ActiveCfg = Debug|Any CPU
		{888DB845-1C9A-499A-A47B-06267F863D43}.Debug|Any CPU.Build.0 = Debug|Any CPU
		{888DB845-1C9A-499A-A47B-06267F863D43}.Release|Any CPU.ActiveCfg = Release|Any CPU
		{888DB845-1C9A-499A-A47B-06267F863D43}.Release|Any CPU.Build.0 = Release|Any CPU
	EndGlobalSection
EndGlobal
